
Microsoft Visual Studio Solution File, Format Version 12.00
# Visual Studio Version 16
VisualStudioVersion = 16.0.31005.135
MinimumVisualStudioVersion = 10.0.40219.1
Project("{F184B08F-C81C-45F6-A57F-5ABD9991F28F}") = "Citizen", "Citizen\Citizen.vbproj", "{8721B2E0-6886-49D5-B5EF-7296E2D59993}"
EndProject
Global
	GlobalSection(SolutionConfigurationPlatforms) = preSolution
		Debug|Any CPU = Debug|Any CPU
		Release|Any CPU = Release|Any CPU
	EndGlobalSection
	GlobalSection(ProjectConfigurationPlatforms) = postSolution
		{8721B2E0-6886-49D5-B5EF-7296E2D59993}.Debug|Any CPU.ActiveCfg = Debug|Any CPU
		{8721B2E0-6886-49D5-B5EF-7296E2D59993}.Debug|Any CPU.Build.0 = Debug|Any CPU
		{8721B2E0-6886-49D5-B5EF-7296E2D59993}.Release|Any CPU.ActiveCfg = Release|Any CPU
		{8721B2E0-6886-49D5-B5EF-7296E2D59993}.Release|Any CPU.Build.0 = Release|Any CPU
	EndGlobalSection
	GlobalSection(SolutionProperties) = preSolution
		HideSolutionNode = FALSE
	EndGlobalSection
	GlobalSection(ExtensibilityGlobals) = postSolution
		SolutionGuid = {9079748C-DA01-45DE-B1C2-5C304F394096}
	EndGlobalSection
EndGlobal
